
Microsoft Visual Studio Solution File, Format Version 12.00
# Visual Studio 15
Project("{FAE04EC0-301F-11D3-BF4B-00C04F79EFBC}") = "Assembly-CSharp", "Assembly-CSharp.csproj", "{FBC1FA01-2D17-62D0-D4E5-AA887D6AE2E8}"
EndProject
Project("{FAE04EC0-301F-11D3-BF4B-00C04F79EFBC}") = "Assembly-CSharp-Editor", "Assembly-CSharp-Editor.csproj", "{67C4B6D0-6957-3210-8446-14B4C65FE866}"
EndProject
Global
	GlobalSection(SolutionConfigurationPlatforms) = preSolution
		Debug|Any CPU = Debug|Any CPU
		Release|Any CPU = Release|Any CPU
	EndGlobalSection
	GlobalSection(ProjectConfigurationPlatforms) = postSolution
		{FBC1FA01-2D17-62D0-D4E5-AA887D6AE2E8}.Debug|Any CPU.ActiveCfg = Debug|Any CPU
		{FBC1FA01-2D17-62D0-D4E5-AA887D6AE2E8}.Debug|Any CPU.Build.0 = Debug|Any CPU
		{FBC1FA01-2D17-62D0-D4E5-AA887D6AE2E8}.Release|Any CPU.ActiveCfg = Release|Any CPU
		{FBC1FA01-2D17-62D0-D4E5-AA887D6AE2E8}.Release|Any CPU.Build.0 = Release|Any CPU
		{67C4B6D0-6957-3210-8446-14B4C65FE866}.Debug|Any CPU.ActiveCfg = Debug|Any CPU
		{67C4B6D0-6957-3210-8446-14B4C65FE866}.Debug|Any CPU.Build.0 = Debug|Any CPU
		{67C4B6D0-6957-3210-8446-14B4C65FE866}.Release|Any CPU.ActiveCfg = Release|Any CPU
		{67C4B6D0-6957-3210-8446-14B4C65FE866}.Release|Any CPU.Build.0 = Release|Any CPU
	EndGlobalSection
	GlobalSection(SolutionProperties) = preSolution
		HideSolutionNode = FALSE
	EndGlobalSection
EndGlobal
